
Microsoft Visual Studio Solution File, Format Version 12.00
# Visual Studio Version 17
VisualStudioVersion = 17.6.33815.320
MinimumVisualStudioVersion = 10.0.40219.1
Project("{8BC9CEB8-8B4A-11D0-8D11-00A0C91BC942}") = "Singleton", "Singleton\Singleton.vcxproj", "{5EFB9B54-86CE-435E-BEC3-15EF410E9CF2}"
EndProject
Project("{8BC9CEB8-8B4A-11D0-8D11-00A0C91BC942}") = "Multiton", "Multiton\Multiton.vcxproj", "{0A924B9D-0CFF-4574-A0E9-75885F9D565B}"
EndProject
Project("{8BC9CEB8-8B4A-11D0-8D11-00A0C91BC942}") = "Prototype", "Prototype\Prototype.vcxproj", "{FAF42C7F-0948-4C16-9345-473204CC3F32}"
EndProject
Project("{8BC9CEB8-8B4A-11D0-8D11-00A0C91BC942}") = "AbstractFactory", "AbstractFactory\AbstractFactory.vcxproj", "{7E38F287-3427-4292-8DEA-C4A7646D9B4F}"
EndProject
Project("{8BC9CEB8-8B4A-11D0-8D11-00A0C91BC942}") = "FactoryMethod", "FactoryMethod\FactoryMethod.vcxproj", "{DFD65946-AE72-453F-AFDF-8CAB95665010}"
EndProject
Project("{8BC9CEB8-8B4A-11D0-8D11-00A0C91BC942}") = "Builder", "Builder\Builder.vcxproj", "{EA8A5DAE-8BCA-4B3D-B281-A85BD60B3332}"
EndProject
Project("{8BC9CEB8-8B4A-11D0-8D11-00A0C91BC942}") = "Adapter", "Adapter\Adapter.vcxproj", "{79D7F8F8-4B19-4757-9BE0-4CC2F675B880}"
EndProject
Project("{8BC9CEB8-8B4A-11D0-8D11-00A0C91BC942}") = "Bridge", "Bridge\Bridge.vcxproj", "{A127241E-9534-4D91-A710-F6581624611E}"
EndProject
Project("{8BC9CEB8-8B4A-11D0-8D11-00A0C91BC942}") = "Composite", "Composite\Composite.vcxproj", "{BDE053D6-0BCC-4284-9EB6-A77F42A1BBB6}"
EndProject
Project("{8BC9CEB8-8B4A-11D0-8D11-00A0C91BC942}") = "Decorator", "Decorator\Decorator.vcxproj", "{BF318941-3F24-4CFA-B2EA-52991E14C55C}"
EndProject
Global
	GlobalSection(SolutionConfigurationPlatforms) = preSolution
		Debug|x64 = Debug|x64
		Debug|x86 = Debug|x86
		Release|x64 = Release|x64
		Release|x86 = Release|x86
	EndGlobalSection
	GlobalSection(ProjectConfigurationPlatforms) = postSolution
		{5EFB9B54-86CE-435E-BEC3-15EF410E9CF2}.Debug|x64.ActiveCfg = Debug|x64
		{5EFB9B54-86CE-435E-BEC3-15EF410E9CF2}.Debug|x64.Build.0 = Debug|x64
		{5EFB9B54-86CE-435E-BEC3-15EF410E9CF2}.Debug|x86.ActiveCfg = Debug|Win32
		{5EFB9B54-86CE-435E-BEC3-15EF410E9CF2}.Debug|x86.Build.0 = Debug|Win32
		{5EFB9B54-86CE-435E-BEC3-15EF410E9CF2}.Release|x64.ActiveCfg = Release|x64
		{5EFB9B54-86CE-435E-BEC3-15EF410E9CF2}.Release|x64.Build.0 = Release|x64
		{5EFB9B54-86CE-435E-BEC3-15EF410E9CF2}.Release|x86.ActiveCfg = Release|Win32
		{5EFB9B54-86CE-435E-BEC3-15EF410E9CF2}.Release|x86.Build.0 = Release|Win32
		{0A924B9D-0CFF-4574-A0E9-75885F9D565B}.Debug|x64.ActiveCfg = Debug|x64
		{0A924B9D-0CFF-4574-A0E9-75885F9D565B}.Debug|x64.Build.0 = Debug|x64
		{0A924B9D-0CFF-4574-A0E9-75885F9D565B}.Debug|x86.ActiveCfg = Debug|Win32
		{0A924B9D-0CFF-4574-A0E9-75885F9D565B}.Debug|x86.Build.0 = Debug|Win32
		{0A924B9D-0CFF-4574-A0E9-75885F9D565B}.Release|x64.ActiveCfg = Release|x64
		{0A924B9D-0CFF-4574-A0E9-75885F9D565B}.Release|x64.Build.0 = Release|x64
		{0A924B9D-0CFF-4574-A0E9-75885F9D565B}.Release|x86.ActiveCfg = Release|Win32
		{0A924B9D-0CFF-4574-A0E9-75885F9D565B}.Release|x86.Build.0 = Release|Win32
		{FAF42C7F-0948-4C16-9345-473204CC3F32}.Debug|x64.ActiveCfg = Debug|x64
		{FAF42C7F-0948-4C16-9345-473204CC3F32}.Debug|x64.Build.0 = Debug|x64
		{FAF42C7F-0948-4C16-9345-473204CC3F32}.Debug|x86.ActiveCfg = Debug|Win32
		{FAF42C7F-0948-4C16-9345-473204CC3F32}.Debug|x86.Build.0 = Debug|Win32
		{FAF42C7F-0948-4C16-9345-473204CC3F32}.Release|x64.ActiveCfg = Release|x64
		{FAF42C7F-0948-4C16-9345-473204CC3F32}.Release|x64.Build.0 = Release|x64
		{FAF42C7F-0948-4C16-9345-473204CC3F32}.Release|x86.ActiveCfg = Release|Win32
		{FAF42C7F-0948-4C16-9345-473204CC3F32}.Release|x86.Build.0 = Release|Win32
		{7E38F287-3427-4292-8DEA-C4A7646D9B4F}.Debug|x64.ActiveCfg = Debug|x64
		{7E38F287-3427-4292-8DEA-C4A7646D9B4F}.Debug|x64.Build.0 = Debug|x64
		{7E38F287-3427-4292-8DEA-C4A7646D9B4F}.Debug|x86.ActiveCfg = Debug|Win32
		{7E38F287-3427-4292-8DEA-C4A7646D9B4F}.Debug|x86.Build.0 = Debug|Win32
		{7E38F287-3427-4292-8DEA-C4A7646D9B4F}.Release|x64.ActiveCfg = Release|x64
		{7E38F287-3427-4292-8DEA-C4A7646D9B4F}.Release|x64.Build.0 = Release|x64
		{7E38F287-3427-4292-8DEA-C4A7646D9B4F}.Release|x86.ActiveCfg = Release|Win32
		{7E38F287-3427-4292-8DEA-C4A7646D9B4F}.Release|x86.Build.0 = Release|Win32
		{DFD65946-AE72-453F-AFDF-8CAB95665010}.Debug|x64.ActiveCfg = Debug|x64
		{DFD65946-AE72-453F-AFDF-8CAB95665010}.Debug|x64.Build.0 = Debug|x64
		{DFD65946-AE72-453F-AFDF-8CAB95665010}.Debug|x86.ActiveCfg = Debug|Win32
		{DFD65946-AE72-453F-AFDF-8CAB95665010}.Debug|x86.Build.0 = Debug|Win32
		{DFD65946-AE72-453F-AFDF-8CAB95665010}.Release|x64.ActiveCfg = Release|x64
		{DFD65946-AE72-453F-AFDF-8CAB95665010}.Release|x64.Build.0 = Release|x64
		{DFD65946-AE72-453F-AFDF-8CAB95665010}.Release|x86.ActiveCfg = Release|Win32
		{DFD65946-AE72-453F-AFDF-8CAB95665010}.Release|x86.Build.0 = Release|Win32
		{EA8A5DAE-8BCA-4B3D-B281-A85BD60B3332}.Debug|x64.ActiveCfg = Debug|x64
		{EA8A5DAE-8BCA-4B3D-B281-A85BD60B3332}.Debug|x64.Build.0 = Debug|x64
		{EA8A5DAE-8BCA-4B3D-B281-A85BD60B3332}.Debug|x86.ActiveCfg = Debug|Win32
		{EA8A5DAE-8BCA-4B3D-B281-A85BD60B3332}.Debug|x86.Build.0 = Debug|Win32
		{EA8A5DAE-8BCA-4B3D-B281-A85BD60B3332}.Release|x64.ActiveCfg = Release|x64
		{EA8A5DAE-8BCA-4B3D-B281-A85BD60B3332}.Release|x64.Build.0 = Release|x64
		{EA8A5DAE-8BCA-4B3D-B281-A85BD60B3332}.Release|x86.ActiveCfg = Release|Win32
		{EA8A5DAE-8BCA-4B3D-B281-A85BD60B3332}.Release|x86.Build.0 = Release|Win32
		{79D7F8F8-4B19-4757-9BE0-4CC2F675B880}.Debug|x64.ActiveCfg = Debug|x64
		{79D7F8F8-4B19-4757-9BE0-4CC2F675B880}.Debug|x64.Build.0 = Debug|x64
		{79D7F8F8-4B19-4757-9BE0-4CC2F675B880}.Debug|x86.ActiveCfg = Debug|Win32
		{79D7F8F8-4B19-4757-9BE0-4CC2F675B880}.Debug|x86.Build.0 = Debug|Win32
		{79D7F8F8-4B19-4757-9BE0-4CC2F675B880}.Release|x64.ActiveCfg = Release|x64
		{79D7F8F8-4B19-4757-9BE0-4CC2F675B880}.Release|x64.Build.0 = Release|x64
		{79D7F8F8-4B19-4757-9BE0-4CC2F675B880}.Release|x86.ActiveCfg = Release|Win32
		{79D7F8F8-4B19-4757-9BE0-4CC2F675B880}.Release|x86.Build.0 = Release|Win32
		{A127241E-9534-4D91-A710-F6581624611E}.Debug|x64.ActiveCfg = Debug|x64
		{A127241E-9534-4D91-A710-F6581624611E}.Debug|x64.Build.0 = Debug|x64
		{A127241E-9534-4D91-A710-F6581624611E}.Debug|x86.ActiveCfg = Debug|Win32
		{A127241E-9534-4D91-A710-F6581624611E}.Debug|x86.Build.0 = Debug|Win32
		{A127241E-9534-4D91-A710-F6581624611E}.Release|x64.ActiveCfg = Release|x64
		{A127241E-9534-4D91-A710-F6581624611E}.Release|x64.Build.0 = Release|x64
		{A127241E-9534-4D91-A710-F6581624611E}.Release|x86.ActiveCfg = Release|Win32
		{A127241E-9534-4D91-A710-F6581624611E}.Release|x86.Build.0 = Release|Win32
		{BDE053D6-0BCC-4284-9EB6-A77F42A1BBB6}.Debug|x64.ActiveCfg = Debug|x64
		{BDE053D6-0BCC-4284-9EB6-A77F42A1BBB6}.Debug|x64.Build.0 = Debug|x64
		{BDE053D6-0BCC-4284-9EB6-A77F42A1BBB6}.Debug|x86.ActiveCfg = Debug|Win32
		{BDE053D6-0BCC-4284-9EB6-A77F42A1BBB6}.Debug|x86.Build.0 = Debug|Win32
		{BDE053D6-0BCC-4284-9EB6-A77F42A1BBB6}.Release|x64.ActiveCfg = Release|x64
		{BDE053D6-0BCC-4284-9EB6-A77F42A1BBB6}.Release|x64.Build.0 = Release|x64
		{BDE053D6-0BCC-4284-9EB6-A77F42A1BBB6}.Release|x86.ActiveCfg = Release|Win32
		{BDE053D6-0BCC-4284-9EB6-A77F42A1BBB6}.Release|x86.Build.0 = Release|Win32
		{BF318941-3F24-4CFA-B2EA-52991E14C55C}.Debug|x64.ActiveCfg = Debug|x64
		{BF318941-3F24-4CFA-B2EA-52991E14C55C}.Debug|x64.Build.0 = Debug|x64
		{BF318941-3F24-4CFA-B2EA-52991E14C55C}.Debug|x86.ActiveCfg = Debug|Win32
		{BF318941-3F24-4CFA-B2EA-52991E14C55C}.Debug|x86.Build.0 = Debug|Win32
		{BF318941-3F24-4CFA-B2EA-52991E14C55C}.Release|x64.ActiveCfg = Release|x64
		{BF318941-3F24-4CFA-B2EA-52991E14C55C}.Release|x64.Build.0 = Release|x64
		{BF318941-3F24-4CFA-B2EA-52991E14C55C}.Release|x86.ActiveCfg = Release|Win32
		{BF318941-3F24-4CFA-B2EA-52991E14C55C}.Release|x86.Build.0 = Release|Win32
	EndGlobalSection
	GlobalSection(SolutionProperties) = preSolution
		HideSolutionNode = FALSE
	EndGlobalSection
	GlobalSection(ExtensibilityGlobals) = postSolution
		SolutionGuid = {CDB8DDD3-171F-4EE3-8DBA-39916282D172}
	EndGlobalSection
EndGlobal
