
Microsoft Visual Studio Solution File, Format Version 12.00
# Visual Studio Version 17
VisualStudioVersion = 17.6.33815.320
MinimumVisualStudioVersion = 10.0.40219.1
Project("{8BC9CEB8-8B4A-11D0-8D11-00A0C91BC942}") = "Singleton", "Singleton\Singleton.vcxproj", "{5EFB9B54-86CE-435E-BEC3-15EF410E9CF2}"
EndProject
Project("{8BC9CEB8-8B4A-11D0-8D11-00A0C91BC942}") = "Multiton", "Multiton\Multiton.vcxproj", "{0A924B9D-0CFF-4574-A0E9-75885F9D565B}"
EndProject
Project("{8BC9CEB8-8B4A-11D0-8D11-00A0C91BC942}") = "Prototype", "Prototype\Prototype.vcxproj", "{FAF42C7F-0948-4C16-9345-473204CC3F32}"
EndProject
Project("{8BC9CEB8-8B4A-11D0-8D11-00A0C91BC942}") = "AbstractFactory", "AbstractFactory\AbstractFactory.vcxproj", "{7E38F287-3427-4292-8DEA-C4A7646D9B4F}"
EndProject
Project("{8BC9CEB8-8B4A-11D0-8D11-00A0C91BC942}") = "FactoryMethod", "FactoryMethod\FactoryMethod.vcxproj", "{DFD65946-AE72-453F-AFDF-8CAB95665010}"
EndProject
Project("{8BC9CEB8-8B4A-11D0-8D11-00A0C91BC942}") = "Builder", "Builder\Builder.vcxproj", "{EA8A5DAE-8BCA-4B3D-B281-A85BD60B3332}"
EndProject
Project("{8BC9CEB8-8B4A-11D0-8D11-00A0C91BC942}") = "Adapter", "Adapter\Adapter.vcxproj", "{79D7F8F8-4B19-4757-9BE0-4CC2F675B880}"
EndProject
Project("{8BC9CEB8-8B4A-11D0-8D11-00A0C91BC942}") = "Bridge", "Bridge\Bridge.vcxproj", "{A127241E-9534-4D91-A710-F6581624611E}"
EndProject
Project("{8BC9CEB8-8B4A-11D0-8D11-00A0C91BC942}") = "Composite", "Composite\Composite.vcxproj", "{BDE053D6-0BCC-4284-9EB6-A77F42A1BBB6}"
EndProject
Project("{8BC9CEB8-8B4A-11D0-8D11-00A0C91BC942}") = "Decorator", "Decorator\Decorator.vcxproj", "{BF318941-3F24-4CFA-B2EA-52991E14C55C}"
EndProject
Project("{8BC9CEB8-8B4A-11D0-8D11-00A0C91BC942}") = "Facade", "Facade\Facade.vcxproj", "{5DFEAED9-E31D-47BA-A546-042397E0F6AE}"
EndProject
Project("{8BC9CEB8-8B4A-11D0-8D11-00A0C91BC942}") = "Flyweight", "Flyweight\Flyweight.vcxproj", "{2D66673A-DE04-44C2-A84C-5C822F15C719}"
EndProject
Project("{8BC9CEB8-8B4A-11D0-8D11-00A0C91BC942}") = "Proxy", "Proxy\Proxy.vcxproj", "{6EE90F28-F48A-4810-9982-903DDADF6361}"
EndProject
Project("{8BC9CEB8-8B4A-11D0-8D11-00A0C91BC942}") = "ChainOfResponsibility", "ChainOfResponsibility\ChainOfResponsibility.vcxproj", "{46111DA4-A3EF-4163-903B-3DED0486A1B0}"
EndProject
Project("{8BC9CEB8-8B4A-11D0-8D11-00A0C91BC942}") = "Command", "Command\Command.vcxproj", "{3A802D75-2D00-4983-91E0-92708A4D7617}"
EndProject
Project("{8BC9CEB8-8B4A-11D0-8D11-00A0C91BC942}") = "Iterator", "Iterator\Iterator.vcxproj", "{01EA89DD-6B91-4693-AE88-484C818F1E95}"
EndProject
Project("{8BC9CEB8-8B4A-11D0-8D11-00A0C91BC942}") = "Mediator", "Mediator\Mediator.vcxproj", "{D6A9E398-1124-41A2-909C-25404678431E}"
EndProject
Project("{8BC9CEB8-8B4A-11D0-8D11-00A0C91BC942}") = "Memento", "Memento\Memento.vcxproj", "{70650B9E-4AC7-4064-A9D3-5F91F9BDAE18}"
EndProject
Project("{8BC9CEB8-8B4A-11D0-8D11-00A0C91BC942}") = "Observer", "Observer\Observer.vcxproj", "{E3B94417-D397-4EBF-88E5-9158396B6459}"
EndProject
Global
	GlobalSection(SolutionConfigurationPlatforms) = preSolution
		Debug|x64 = Debug|x64
		Debug|x86 = Debug|x86
		Release|x64 = Release|x64
		Release|x86 = Release|x86
	EndGlobalSection
	GlobalSection(ProjectConfigurationPlatforms) = postSolution
		{5EFB9B54-86CE-435E-BEC3-15EF410E9CF2}.Debug|x64.ActiveCfg = Debug|x64
		{5EFB9B54-86CE-435E-BEC3-15EF410E9CF2}.Debug|x64.Build.0 = Debug|x64
		{5EFB9B54-86CE-435E-BEC3-15EF410E9CF2}.Debug|x86.ActiveCfg = Debug|Win32
		{5EFB9B54-86CE-435E-BEC3-15EF410E9CF2}.Debug|x86.Build.0 = Debug|Win32
		{5EFB9B54-86CE-435E-BEC3-15EF410E9CF2}.Release|x64.ActiveCfg = Release|x64
		{5EFB9B54-86CE-435E-BEC3-15EF410E9CF2}.Release|x64.Build.0 = Release|x64
		{5EFB9B54-86CE-435E-BEC3-15EF410E9CF2}.Release|x86.ActiveCfg = Release|Win32
		{5EFB9B54-86CE-435E-BEC3-15EF410E9CF2}.Release|x86.Build.0 = Release|Win32
		{0A924B9D-0CFF-4574-A0E9-75885F9D565B}.Debug|x64.ActiveCfg = Debug|x64
		{0A924B9D-0CFF-4574-A0E9-75885F9D565B}.Debug|x64.Build.0 = Debug|x64
		{0A924B9D-0CFF-4574-A0E9-75885F9D565B}.Debug|x86.ActiveCfg = Debug|Win32
		{0A924B9D-0CFF-4574-A0E9-75885F9D565B}.Debug|x86.Build.0 = Debug|Win32
		{0A924B9D-0CFF-4574-A0E9-75885F9D565B}.Release|x64.ActiveCfg = Release|x64
		{0A924B9D-0CFF-4574-A0E9-75885F9D565B}.Release|x64.Build.0 = Release|x64
		{0A924B9D-0CFF-4574-A0E9-75885F9D565B}.Release|x86.ActiveCfg = Release|Win32
		{0A924B9D-0CFF-4574-A0E9-75885F9D565B}.Release|x86.Build.0 = Release|Win32
		{FAF42C7F-0948-4C16-9345-473204CC3F32}.Debug|x64.ActiveCfg = Debug|x64
		{FAF42C7F-0948-4C16-9345-473204CC3F32}.Debug|x64.Build.0 = Debug|x64
		{FAF42C7F-0948-4C16-9345-473204CC3F32}.Debug|x86.ActiveCfg = Debug|Win32
		{FAF42C7F-0948-4C16-9345-473204CC3F32}.Debug|x86.Build.0 = Debug|Win32
		{FAF42C7F-0948-4C16-9345-473204CC3F32}.Release|x64.ActiveCfg = Release|x64
		{FAF42C7F-0948-4C16-9345-473204CC3F32}.Release|x64.Build.0 = Release|x64
		{FAF42C7F-0948-4C16-9345-473204CC3F32}.Release|x86.ActiveCfg = Release|Win32
		{FAF42C7F-0948-4C16-9345-473204CC3F32}.Release|x86.Build.0 = Release|Win32
		{7E38F287-3427-4292-8DEA-C4A7646D9B4F}.Debug|x64.ActiveCfg = Debug|x64
		{7E38F287-3427-4292-8DEA-C4A7646D9B4F}.Debug|x64.Build.0 = Debug|x64
		{7E38F287-3427-4292-8DEA-C4A7646D9B4F}.Debug|x86.ActiveCfg = Debug|Win32
		{7E38F287-3427-4292-8DEA-C4A7646D9B4F}.Debug|x86.Build.0 = Debug|Win32
		{7E38F287-3427-4292-8DEA-C4A7646D9B4F}.Release|x64.ActiveCfg = Release|x64
		{7E38F287-3427-4292-8DEA-C4A7646D9B4F}.Release|x64.Build.0 = Release|x64
		{7E38F287-3427-4292-8DEA-C4A7646D9B4F}.Release|x86.ActiveCfg = Release|Win32
		{7E38F287-3427-4292-8DEA-C4A7646D9B4F}.Release|x86.Build.0 = Release|Win32
		{DFD65946-AE72-453F-AFDF-8CAB95665010}.Debug|x64.ActiveCfg = Debug|x64
		{DFD65946-AE72-453F-AFDF-8CAB95665010}.Debug|x64.Build.0 = Debug|x64
		{DFD65946-AE72-453F-AFDF-8CAB95665010}.Debug|x86.ActiveCfg = Debug|Win32
		{DFD65946-AE72-453F-AFDF-8CAB95665010}.Debug|x86.Build.0 = Debug|Win32
		{DFD65946-AE72-453F-AFDF-8CAB95665010}.Release|x64.ActiveCfg = Release|x64
		{DFD65946-AE72-453F-AFDF-8CAB95665010}.Release|x64.Build.0 = Release|x64
		{DFD65946-AE72-453F-AFDF-8CAB95665010}.Release|x86.ActiveCfg = Release|Win32
		{DFD65946-AE72-453F-AFDF-8CAB95665010}.Release|x86.Build.0 = Release|Win32
		{EA8A5DAE-8BCA-4B3D-B281-A85BD60B3332}.Debug|x64.ActiveCfg = Debug|x64
		{EA8A5DAE-8BCA-4B3D-B281-A85BD60B3332}.Debug|x64.Build.0 = Debug|x64
		{EA8A5DAE-8BCA-4B3D-B281-A85BD60B3332}.Debug|x86.ActiveCfg = Debug|Win32
		{EA8A5DAE-8BCA-4B3D-B281-A85BD60B3332}.Debug|x86.Build.0 = Debug|Win32
		{EA8A5DAE-8BCA-4B3D-B281-A85BD60B3332}.Release|x64.ActiveCfg = Release|x64
		{EA8A5DAE-8BCA-4B3D-B281-A85BD60B3332}.Release|x64.Build.0 = Release|x64
		{EA8A5DAE-8BCA-4B3D-B281-A85BD60B3332}.Release|x86.ActiveCfg = Release|Win32
		{EA8A5DAE-8BCA-4B3D-B281-A85BD60B3332}.Release|x86.Build.0 = Release|Win32
		{79D7F8F8-4B19-4757-9BE0-4CC2F675B880}.Debug|x64.ActiveCfg = Debug|x64
		{79D7F8F8-4B19-4757-9BE0-4CC2F675B880}.Debug|x64.Build.0 = Debug|x64
		{79D7F8F8-4B19-4757-9BE0-4CC2F675B880}.Debug|x86.ActiveCfg = Debug|Win32
		{79D7F8F8-4B19-4757-9BE0-4CC2F675B880}.Debug|x86.Build.0 = Debug|Win32
		{79D7F8F8-4B19-4757-9BE0-4CC2F675B880}.Release|x64.ActiveCfg = Release|x64
		{79D7F8F8-4B19-4757-9BE0-4CC2F675B880}.Release|x64.Build.0 = Release|x64
		{79D7F8F8-4B19-4757-9BE0-4CC2F675B880}.Release|x86.ActiveCfg = Release|Win32
		{79D7F8F8-4B19-4757-9BE0-4CC2F675B880}.Release|x86.Build.0 = Release|Win32
		{A127241E-9534-4D91-A710-F6581624611E}.Debug|x64.ActiveCfg = Debug|x64
		{A127241E-9534-4D91-A710-F6581624611E}.Debug|x64.Build.0 = Debug|x64
		{A127241E-9534-4D91-A710-F6581624611E}.Debug|x86.ActiveCfg = Debug|Win32
		{A127241E-9534-4D91-A710-F6581624611E}.Debug|x86.Build.0 = Debug|Win32
		{A127241E-9534-4D91-A710-F6581624611E}.Release|x64.ActiveCfg = Release|x64
		{A127241E-9534-4D91-A710-F6581624611E}.Release|x64.Build.0 = Release|x64
		{A127241E-9534-4D91-A710-F6581624611E}.Release|x86.ActiveCfg = Release|Win32
		{A127241E-9534-4D91-A710-F6581624611E}.Release|x86.Build.0 = Release|Win32
		{BDE053D6-0BCC-4284-9EB6-A77F42A1BBB6}.Debug|x64.ActiveCfg = Debug|x64
		{BDE053D6-0BCC-4284-9EB6-A77F42A1BBB6}.Debug|x64.Build.0 = Debug|x64
		{BDE053D6-0BCC-4284-9EB6-A77F42A1BBB6}.Debug|x86.ActiveCfg = Debug|Win32
		{BDE053D6-0BCC-4284-9EB6-A77F42A1BBB6}.Debug|x86.Build.0 = Debug|Win32
		{BDE053D6-0BCC-4284-9EB6-A77F42A1BBB6}.Release|x64.ActiveCfg = Release|x64
		{BDE053D6-0BCC-4284-9EB6-A77F42A1BBB6}.Release|x64.Build.0 = Release|x64
		{BDE053D6-0BCC-4284-9EB6-A77F42A1BBB6}.Release|x86.ActiveCfg = Release|Win32
		{BDE053D6-0BCC-4284-9EB6-A77F42A1BBB6}.Release|x86.Build.0 = Release|Win32
		{BF318941-3F24-4CFA-B2EA-52991E14C55C}.Debug|x64.ActiveCfg = Debug|x64
		{BF318941-3F24-4CFA-B2EA-52991E14C55C}.Debug|x64.Build.0 = Debug|x64
		{BF318941-3F24-4CFA-B2EA-52991E14C55C}.Debug|x86.ActiveCfg = Debug|Win32
		{BF318941-3F24-4CFA-B2EA-52991E14C55C}.Debug|x86.Build.0 = Debug|Win32
		{BF318941-3F24-4CFA-B2EA-52991E14C55C}.Release|x64.ActiveCfg = Release|x64
		{BF318941-3F24-4CFA-B2EA-52991E14C55C}.Release|x64.Build.0 = Release|x64
		{BF318941-3F24-4CFA-B2EA-52991E14C55C}.Release|x86.ActiveCfg = Release|Win32
		{BF318941-3F24-4CFA-B2EA-52991E14C55C}.Release|x86.Build.0 = Release|Win32
		{5DFEAED9-E31D-47BA-A546-042397E0F6AE}.Debug|x64.ActiveCfg = Debug|x64
		{5DFEAED9-E31D-47BA-A546-042397E0F6AE}.Debug|x64.Build.0 = Debug|x64
		{5DFEAED9-E31D-47BA-A546-042397E0F6AE}.Debug|x86.ActiveCfg = Debug|Win32
		{5DFEAED9-E31D-47BA-A546-042397E0F6AE}.Debug|x86.Build.0 = Debug|Win32
		{5DFEAED9-E31D-47BA-A546-042397E0F6AE}.Release|x64.ActiveCfg = Release|x64
		{5DFEAED9-E31D-47BA-A546-042397E0F6AE}.Release|x64.Build.0 = Release|x64
		{5DFEAED9-E31D-47BA-A546-042397E0F6AE}.Release|x86.ActiveCfg = Release|Win32
		{5DFEAED9-E31D-47BA-A546-042397E0F6AE}.Release|x86.Build.0 = Release|Win32
		{2D66673A-DE04-44C2-A84C-5C822F15C719}.Debug|x64.ActiveCfg = Debug|x64
		{2D66673A-DE04-44C2-A84C-5C822F15C719}.Debug|x64.Build.0 = Debug|x64
		{2D66673A-DE04-44C2-A84C-5C822F15C719}.Debug|x86.ActiveCfg = Debug|Win32
		{2D66673A-DE04-44C2-A84C-5C822F15C719}.Debug|x86.Build.0 = Debug|Win32
		{2D66673A-DE04-44C2-A84C-5C822F15C719}.Release|x64.ActiveCfg = Release|x64
		{2D66673A-DE04-44C2-A84C-5C822F15C719}.Release|x64.Build.0 = Release|x64
		{2D66673A-DE04-44C2-A84C-5C822F15C719}.Release|x86.ActiveCfg = Release|Win32
		{2D66673A-DE04-44C2-A84C-5C822F15C719}.Release|x86.Build.0 = Release|Win32
		{6EE90F28-F48A-4810-9982-903DDADF6361}.Debug|x64.ActiveCfg = Debug|x64
		{6EE90F28-F48A-4810-9982-903DDADF6361}.Debug|x64.Build.0 = Debug|x64
		{6EE90F28-F48A-4810-9982-903DDADF6361}.Debug|x86.ActiveCfg = Debug|Win32
		{6EE90F28-F48A-4810-9982-903DDADF6361}.Debug|x86.Build.0 = Debug|Win32
		{6EE90F28-F48A-4810-9982-903DDADF6361}.Release|x64.ActiveCfg = Release|x64
		{6EE90F28-F48A-4810-9982-903DDADF6361}.Release|x64.Build.0 = Release|x64
		{6EE90F28-F48A-4810-9982-903DDADF6361}.Release|x86.ActiveCfg = Release|Win32
		{6EE90F28-F48A-4810-9982-903DDADF6361}.Release|x86.Build.0 = Release|Win32
		{46111DA4-A3EF-4163-903B-3DED0486A1B0}.Debug|x64.ActiveCfg = Debug|x64
		{46111DA4-A3EF-4163-903B-3DED0486A1B0}.Debug|x64.Build.0 = Debug|x64
		{46111DA4-A3EF-4163-903B-3DED0486A1B0}.Debug|x86.ActiveCfg = Debug|Win32
		{46111DA4-A3EF-4163-903B-3DED0486A1B0}.Debug|x86.Build.0 = Debug|Win32
		{46111DA4-A3EF-4163-903B-3DED0486A1B0}.Release|x64.ActiveCfg = Release|x64
		{46111DA4-A3EF-4163-903B-3DED0486A1B0}.Release|x64.Build.0 = Release|x64
		{46111DA4-A3EF-4163-903B-3DED0486A1B0}.Release|x86.ActiveCfg = Release|Win32
		{46111DA4-A3EF-4163-903B-3DED0486A1B0}.Release|x86.Build.0 = Release|Win32
		{3A802D75-2D00-4983-91E0-92708A4D7617}.Debug|x64.ActiveCfg = Debug|x64
		{3A802D75-2D00-4983-91E0-92708A4D7617}.Debug|x64.Build.0 = Debug|x64
		{3A802D75-2D00-4983-91E0-92708A4D7617}.Debug|x86.ActiveCfg = Debug|Win32
		{3A802D75-2D00-4983-91E0-92708A4D7617}.Debug|x86.Build.0 = Debug|Win32
		{3A802D75-2D00-4983-91E0-92708A4D7617}.Release|x64.ActiveCfg = Release|x64
		{3A802D75-2D00-4983-91E0-92708A4D7617}.Release|x64.Build.0 = Release|x64
		{3A802D75-2D00-4983-91E0-92708A4D7617}.Release|x86.ActiveCfg = Release|Win32
		{3A802D75-2D00-4983-91E0-92708A4D7617}.Release|x86.Build.0 = Release|Win32
		{01EA89DD-6B91-4693-AE88-484C818F1E95}.Debug|x64.ActiveCfg = Debug|x64
		{01EA89DD-6B91-4693-AE88-484C818F1E95}.Debug|x64.Build.0 = Debug|x64
		{01EA89DD-6B91-4693-AE88-484C818F1E95}.Debug|x86.ActiveCfg = Debug|Win32
		{01EA89DD-6B91-4693-AE88-484C818F1E95}.Debug|x86.Build.0 = Debug|Win32
		{01EA89DD-6B91-4693-AE88-484C818F1E95}.Release|x64.ActiveCfg = Release|x64
		{01EA89DD-6B91-4693-AE88-484C818F1E95}.Release|x64.Build.0 = Release|x64
		{01EA89DD-6B91-4693-AE88-484C818F1E95}.Release|x86.ActiveCfg = Release|Win32
		{01EA89DD-6B91-4693-AE88-484C818F1E95}.Release|x86.Build.0 = Release|Win32
		{D6A9E398-1124-41A2-909C-25404678431E}.Debug|x64.ActiveCfg = Debug|x64
		{D6A9E398-1124-41A2-909C-25404678431E}.Debug|x64.Build.0 = Debug|x64
		{D6A9E398-1124-41A2-909C-25404678431E}.Debug|x86.ActiveCfg = Debug|Win32
		{D6A9E398-1124-41A2-909C-25404678431E}.Debug|x86.Build.0 = Debug|Win32
		{D6A9E398-1124-41A2-909C-25404678431E}.Release|x64.ActiveCfg = Release|x64
		{D6A9E398-1124-41A2-909C-25404678431E}.Release|x64.Build.0 = Release|x64
		{D6A9E398-1124-41A2-909C-25404678431E}.Release|x86.ActiveCfg = Release|Win32
		{D6A9E398-1124-41A2-909C-25404678431E}.Release|x86.Build.0 = Release|Win32
		{70650B9E-4AC7-4064-A9D3-5F91F9BDAE18}.Debug|x64.ActiveCfg = Debug|x64
		{70650B9E-4AC7-4064-A9D3-5F91F9BDAE18}.Debug|x64.Build.0 = Debug|x64
		{70650B9E-4AC7-4064-A9D3-5F91F9BDAE18}.Debug|x86.ActiveCfg = Debug|Win32
		{70650B9E-4AC7-4064-A9D3-5F91F9BDAE18}.Debug|x86.Build.0 = Debug|Win32
		{70650B9E-4AC7-4064-A9D3-5F91F9BDAE18}.Release|x64.ActiveCfg = Release|x64
		{70650B9E-4AC7-4064-A9D3-5F91F9BDAE18}.Release|x64.Build.0 = Release|x64
		{70650B9E-4AC7-4064-A9D3-5F91F9BDAE18}.Release|x86.ActiveCfg = Release|Win32
		{70650B9E-4AC7-4064-A9D3-5F91F9BDAE18}.Release|x86.Build.0 = Release|Win32
		{E3B94417-D397-4EBF-88E5-9158396B6459}.Debug|x64.ActiveCfg = Debug|x64
		{E3B94417-D397-4EBF-88E5-9158396B6459}.Debug|x64.Build.0 = Debug|x64
		{E3B94417-D397-4EBF-88E5-9158396B6459}.Debug|x86.ActiveCfg = Debug|Win32
		{E3B94417-D397-4EBF-88E5-9158396B6459}.Debug|x86.Build.0 = Debug|Win32
		{E3B94417-D397-4EBF-88E5-9158396B6459}.Release|x64.ActiveCfg = Release|x64
		{E3B94417-D397-4EBF-88E5-9158396B6459}.Release|x64.Build.0 = Release|x64
		{E3B94417-D397-4EBF-88E5-9158396B6459}.Release|x86.ActiveCfg = Release|Win32
		{E3B94417-D397-4EBF-88E5-9158396B6459}.Release|x86.Build.0 = Release|Win32
	EndGlobalSection
	GlobalSection(SolutionProperties) = preSolution
		HideSolutionNode = FALSE
	EndGlobalSection
	GlobalSection(ExtensibilityGlobals) = postSolution
		SolutionGuid = {CDB8DDD3-171F-4EE3-8DBA-39916282D172}
	EndGlobalSection
EndGlobal
